
Microsoft Visual Studio Solution File, Format Version 12.00
# Visual Studio Version 17
VisualStudioVersion = 17.0.31903.59
MinimumVisualStudioVersion = 10.0.40219.1
Project("{FAE04EC0-301F-11D3-BF4B-00C04F79EFBC}") = "BidCalculationTool.Api", "src\BidCalculationTool.Api\BidCalculationTool.Api.csproj", "{AABEC14C-4AB2-4967-9130-0A7099E3AED9}"
EndProject
Project("{FAE04EC0-301F-11D3-BF4B-00C04F79EFBC}") = "BidCalculationTool.Application", "src\BidCalculationTool.Application\BidCalculationTool.Application.csproj", "{91C6BC81-FFA5-4C29-9CAA-327FCF7EFFF8}"
EndProject
Project("{FAE04EC0-301F-11D3-BF4B-00C04F79EFBC}") = "BidCalculationTool.Domain", "src\BidCalculationTool.Domain\BidCalculationTool.Domain.csproj", "{1D5A640D-08CF-40D7-B19C-3FBDC5F74C6F}"
EndProject
Global
	GlobalSection(SolutionConfigurationPlatforms) = preSolution
		Debug|Any CPU = Debug|Any CPU
		Release|Any CPU = Release|Any CPU
	EndGlobalSection
	GlobalSection(SolutionProperties) = preSolution
		HideSolutionNode = FALSE
	EndGlobalSection
	GlobalSection(ProjectConfigurationPlatforms) = postSolution
		{AABEC14C-4AB2-4967-9130-0A7099E3AED9}.Debug|Any CPU.ActiveCfg = Debug|Any CPU
		{AABEC14C-4AB2-4967-9130-0A7099E3AED9}.Debug|Any CPU.Build.0 = Debug|Any CPU
		{AABEC14C-4AB2-4967-9130-0A7099E3AED9}.Release|Any CPU.ActiveCfg = Release|Any CPU
		{AABEC14C-4AB2-4967-9130-0A7099E3AED9}.Release|Any CPU.Build.0 = Release|Any CPU
		{91C6BC81-FFA5-4C29-9CAA-327FCF7EFFF8}.Debug|Any CPU.ActiveCfg = Debug|Any CPU
		{91C6BC81-FFA5-4C29-9CAA-327FCF7EFFF8}.Debug|Any CPU.Build.0 = Debug|Any CPU
		{91C6BC81-FFA5-4C29-9CAA-327FCF7EFFF8}.Release|Any CPU.ActiveCfg = Release|Any CPU
		{91C6BC81-FFA5-4C29-9CAA-327FCF7EFFF8}.Release|Any CPU.Build.0 = Release|Any CPU
		{1D5A640D-08CF-40D7-B19C-3FBDC5F74C6F}.Debug|Any CPU.ActiveCfg = Debug|Any CPU
		{1D5A640D-08CF-40D7-B19C-3FBDC5F74C6F}.Debug|Any CPU.Build.0 = Debug|Any CPU
		{1D5A640D-08CF-40D7-B19C-3FBDC5F74C6F}.Release|Any CPU.ActiveCfg = Release|Any CPU
		{1D5A640D-08CF-40D7-B19C-3FBDC5F74C6F}.Release|Any CPU.Build.0 = Release|Any CPU
	EndGlobalSection
EndGlobal
